
Microsoft Visual Studio Solution File, Format Version 12.00
# Visual Studio Version 16
VisualStudioVersion = 16.0.31205.134
MinimumVisualStudioVersion = 10.0.40219.1
Project("{FAE04EC0-301F-11D3-BF4B-00C04F79EFBC}") = "제어문", "제어문\제어문.csproj", "{0845E323-C6EE-494D-819C-BD52FA612641}"
EndProject
Global
	GlobalSection(SolutionConfigurationPlatforms) = preSolution
		Debug|Any CPU = Debug|Any CPU
		Release|Any CPU = Release|Any CPU
	EndGlobalSection
	GlobalSection(ProjectConfigurationPlatforms) = postSolution
		{0845E323-C6EE-494D-819C-BD52FA612641}.Debug|Any CPU.ActiveCfg = Debug|Any CPU
		{0845E323-C6EE-494D-819C-BD52FA612641}.Debug|Any CPU.Build.0 = Debug|Any CPU
		{0845E323-C6EE-494D-819C-BD52FA612641}.Release|Any CPU.ActiveCfg = Release|Any CPU
		{0845E323-C6EE-494D-819C-BD52FA612641}.Release|Any CPU.Build.0 = Release|Any CPU
	EndGlobalSection
	GlobalSection(SolutionProperties) = preSolution
		HideSolutionNode = FALSE
	EndGlobalSection
	GlobalSection(ExtensibilityGlobals) = postSolution
		SolutionGuid = {DB358F12-0292-48B6-817B-5D144478DDBC}
	EndGlobalSection
EndGlobal
