
Microsoft Visual Studio Solution File, Format Version 12.00
# Visual Studio Version 16
VisualStudioVersion = 16.0.31205.134
MinimumVisualStudioVersion = 10.0.40219.1
Project("{FAE04EC0-301F-11D3-BF4B-00C04F79EFBC}") = "연산자", "연산자\연산자.csproj", "{AC279752-C4E8-4CAA-97C5-A23E318E2270}"
EndProject
Global
	GlobalSection(SolutionConfigurationPlatforms) = preSolution
		Debug|Any CPU = Debug|Any CPU
		Release|Any CPU = Release|Any CPU
	EndGlobalSection
	GlobalSection(ProjectConfigurationPlatforms) = postSolution
		{AC279752-C4E8-4CAA-97C5-A23E318E2270}.Debug|Any CPU.ActiveCfg = Debug|Any CPU
		{AC279752-C4E8-4CAA-97C5-A23E318E2270}.Debug|Any CPU.Build.0 = Debug|Any CPU
		{AC279752-C4E8-4CAA-97C5-A23E318E2270}.Release|Any CPU.ActiveCfg = Release|Any CPU
		{AC279752-C4E8-4CAA-97C5-A23E318E2270}.Release|Any CPU.Build.0 = Release|Any CPU
	EndGlobalSection
	GlobalSection(SolutionProperties) = preSolution
		HideSolutionNode = FALSE
	EndGlobalSection
	GlobalSection(ExtensibilityGlobals) = postSolution
		SolutionGuid = {C2B791F4-7C9C-44A6-BB14-4166B22EB122}
	EndGlobalSection
EndGlobal
