
Microsoft Visual Studio Solution File, Format Version 12.00
# Visual Studio Version 16
VisualStudioVersion = 16.0.31205.134
MinimumVisualStudioVersion = 10.0.40219.1
Project("{FAE04EC0-301F-11D3-BF4B-00C04F79EFBC}") = "ConsoleApp1", "ConsoleApp1\ConsoleApp1.csproj", "{23604395-BF17-4D7C-A2B8-5EE6EE09840D}"
EndProject
Global
	GlobalSection(SolutionConfigurationPlatforms) = preSolution
		Debug|Any CPU = Debug|Any CPU
		Release|Any CPU = Release|Any CPU
	EndGlobalSection
	GlobalSection(ProjectConfigurationPlatforms) = postSolution
		{23604395-BF17-4D7C-A2B8-5EE6EE09840D}.Debug|Any CPU.ActiveCfg = Debug|Any CPU
		{23604395-BF17-4D7C-A2B8-5EE6EE09840D}.Debug|Any CPU.Build.0 = Debug|Any CPU
		{23604395-BF17-4D7C-A2B8-5EE6EE09840D}.Release|Any CPU.ActiveCfg = Release|Any CPU
		{23604395-BF17-4D7C-A2B8-5EE6EE09840D}.Release|Any CPU.Build.0 = Release|Any CPU
	EndGlobalSection
	GlobalSection(SolutionProperties) = preSolution
		HideSolutionNode = FALSE
	EndGlobalSection
	GlobalSection(ExtensibilityGlobals) = postSolution
		SolutionGuid = {DFDDE761-564F-4A9B-A374-A46C35227A9D}
	EndGlobalSection
EndGlobal
