
Microsoft Visual Studio Solution File, Format Version 12.00
# Visual Studio Version 16
VisualStudioVersion = 16.0.31205.134
MinimumVisualStudioVersion = 10.0.40219.1
Project("{FAE04EC0-301F-11D3-BF4B-00C04F79EFBC}") = "ConverType", "ConverType\ConverType.csproj", "{00B5E099-D637-437E-9F64-48F0CC4C59DC}"
EndProject
Global
	GlobalSection(SolutionConfigurationPlatforms) = preSolution
		Debug|Any CPU = Debug|Any CPU
		Release|Any CPU = Release|Any CPU
	EndGlobalSection
	GlobalSection(ProjectConfigurationPlatforms) = postSolution
		{00B5E099-D637-437E-9F64-48F0CC4C59DC}.Debug|Any CPU.ActiveCfg = Debug|Any CPU
		{00B5E099-D637-437E-9F64-48F0CC4C59DC}.Debug|Any CPU.Build.0 = Debug|Any CPU
		{00B5E099-D637-437E-9F64-48F0CC4C59DC}.Release|Any CPU.ActiveCfg = Release|Any CPU
		{00B5E099-D637-437E-9F64-48F0CC4C59DC}.Release|Any CPU.Build.0 = Release|Any CPU
	EndGlobalSection
	GlobalSection(SolutionProperties) = preSolution
		HideSolutionNode = FALSE
	EndGlobalSection
	GlobalSection(ExtensibilityGlobals) = postSolution
		SolutionGuid = {BAF045BC-7387-4E00-87F0-1AF91076F72D}
	EndGlobalSection
EndGlobal
